// !$*UTF8*$!
{
	archiveVersion = 1;
	classes = {
	};
	objectVersion = 46;
	objects = {

/* Begin PBXBuildFile section */
		065E64DF1F8C5EAB009F9799 /* main.m in Sources */ = {isa = PBXBuildFile; fileRef = 065E64DE1F8C5EAB009F9799 /* main.m */; };
		065E64EA1F8C5EAB009F9799 /* Assets.xcassets in Resources */ = {isa = PBXBuildFile; fileRef = 065E64E91F8C5EAB009F9799 /* Assets.xcassets */; };
		065E64ED1F8C5EAB009F9799 /* LaunchScreen.storyboard in Resources */ = {isa = PBXBuildFile; fileRef = 065E64EB1F8C5EAB009F9799 /* LaunchScreen.storyboard */; };
		065E64F91F8C5F67009F9799 /* CzyAppDelegate.m in Sources */ = {isa = PBXBuildFile; fileRef = 065E64F81F8C5F67009F9799 /* CzyAppDelegate.m */; };
		065E64FF1F8C6080009F9799 /* CzyPlayerView.m in Sources */ = {isa = PBXBuildFile; fileRef = 065E64FE1F8C6080009F9799 /* CzyPlayerView.m */; };
		06A1CDF51F8F51BB00F74AF7 /* RootViewController.m in Sources */ = {isa = PBXBuildFile; fileRef = 06A1CDF41F8F51BB00F74AF7 /* RootViewController.m */; };
		06A1CDF81F8F51FE00F74AF7 /* NormalViewController.m in Sources */ = {isa = PBXBuildFile; fileRef = 06A1CDF71F8F51FE00F74AF7 /* NormalViewController.m */; };
		06A1CDFB1F8F520800F74AF7 /* TableViewController.m in Sources */ = {isa = PBXBuildFile; fileRef = 06A1CDFA1F8F520800F74AF7 /* TableViewController.m */; };
		06CE6F061F8E197B003B13E4 /* ASValuePopUpView.m in Sources */ = {isa = PBXBuildFile; fileRef = 06CE6F031F8E197B003B13E4 /* ASValuePopUpView.m */; };
		06CE6F071F8E197B003B13E4 /* ASValueTrackingSlider.m in Sources */ = {isa = PBXBuildFile; fileRef = 06CE6F051F8E197B003B13E4 /* ASValueTrackingSlider.m */; };
		8A49B617F9734378F559BFC2 /* libPods-CzyPlayer.a in Frameworks */ = {isa = PBXBuildFile; fileRef = A7523396E084A65882BB9A93 /* libPods-CzyPlayer.a */; };
/* End PBXBuildFile section */

/* Begin PBXFileReference section */
		065E64DA1F8C5EAB009F9799 /* CzyPlayer.app */ = {isa = PBXFileReference; explicitFileType = wrapper.application; includeInIndex = 0; path = CzyPlayer.app; sourceTree = BUILT_PRODUCTS_DIR; };
		065E64DE1F8C5EAB009F9799 /* main.m */ = {isa = PBXFileReference; lastKnownFileType = sourcecode.c.objc; path = main.m; sourceTree = "<group>"; };
		065E64E91F8C5EAB009F9799 /* Assets.xcassets */ = {isa = PBXFileReference; lastKnownFileType = folder.assetcatalog; path = Assets.xcassets; sourceTree = "<group>"; };
		065E64EC1F8C5EAB009F9799 /* Base */ = {isa = PBXFileReference; lastKnownFileType = file.storyboard; name = Base; path = Base.lproj/LaunchScreen.storyboard; sourceTree = "<group>"; };
		065E64EE1F8C5EAB009F9799 /* Info.plist */ = {isa = PBXFileReference; lastKnownFileType = text.plist.xml; path = Info.plist; sourceTree = "<group>"; };
		065E64F71F8C5F67009F9799 /* CzyAppDelegate.h */ = {isa = PBXFileReference; fileEncoding = 4; lastKnownFileType = sourcecode.c.h; path = CzyAppDelegate.h; sourceTree = "<group>"; };
		065E64F81F8C5F67009F9799 /* CzyAppDelegate.m */ = {isa = PBXFileReference; fileEncoding = 4; lastKnownFileType = sourcecode.c.objc; path = CzyAppDelegate.m; sourceTree = "<group>"; };
		065E64FD1F8C6080009F9799 /* CzyPlayerView.h */ = {isa = PBXFileReference; fileEncoding = 4; lastKnownFileType = sourcecode.c.h; path = CzyPlayerView.h; sourceTree = "<group>"; };
		065E64FE1F8C6080009F9799 /* CzyPlayerView.m */ = {isa = PBXFileReference; fileEncoding = 4; lastKnownFileType = sourcecode.c.objc; path = CzyPlayerView.m; sourceTree = "<group>"; };
		065E65001F8C6667009F9799 /* PrefixHeader.pch */ = {isa = PBXFileReference; fileEncoding = 4; lastKnownFileType = sourcecode.c.h; path = PrefixHeader.pch; sourceTree = "<group>"; };
		06A1CDF31F8F51BB00F74AF7 /* RootViewController.h */ = {isa = PBXFileReference; fileEncoding = 4; lastKnownFileType = sourcecode.c.h; path = RootViewController.h; sourceTree = "<group>"; };
		06A1CDF41F8F51BB00F74AF7 /* RootViewController.m */ = {isa = PBXFileReference; fileEncoding = 4; lastKnownFileType = sourcecode.c.objc; path = RootViewController.m; sourceTree = "<group>"; };
		06A1CDF61F8F51FE00F74AF7 /* NormalViewController.h */ = {isa = PBXFileReference; fileEncoding = 4; lastKnownFileType = sourcecode.c.h; path = NormalViewController.h; sourceTree = "<group>"; };
		06A1CDF71F8F51FE00F74AF7 /* NormalViewController.m */ = {isa = PBXFileReference; fileEncoding = 4; lastKnownFileType = sourcecode.c.objc; path = NormalViewController.m; sourceTree = "<group>"; };
		06A1CDF91F8F520800F74AF7 /* TableViewController.h */ = {isa = PBXFileReference; fileEncoding = 4; lastKnownFileType = sourcecode.c.h; path = TableViewController.h; sourceTree = "<group>"; };
		06A1CDFA1F8F520800F74AF7 /* TableViewController.m */ = {isa = PBXFileReference; fileEncoding = 4; lastKnownFileType = sourcecode.c.objc; path = TableViewController.m; sourceTree = "<group>"; };
		06CE6F021F8E197B003B13E4 /* ASValuePopUpView.h */ = {isa = PBXFileReference; fileEncoding = 4; lastKnownFileType = sourcecode.c.h; path = ASValuePopUpView.h; sourceTree = "<group>"; };
		06CE6F031F8E197B003B13E4 /* ASValuePopUpView.m */ = {isa = PBXFileReference; fileEncoding = 4; lastKnownFileType = sourcecode.c.objc; path = ASValuePopUpView.m; sourceTree = "<group>"; };
		06CE6F041F8E197B003B13E4 /* ASValueTrackingSlider.h */ = {isa = PBXFileReference; fileEncoding = 4; lastKnownFileType = sourcecode.c.h; path = ASValueTrackingSlider.h; sourceTree = "<group>"; };
		06CE6F051F8E197B003B13E4 /* ASValueTrackingSlider.m */ = {isa = PBXFileReference; fileEncoding = 4; lastKnownFileType = sourcecode.c.objc; path = ASValueTrackingSlider.m; sourceTree = "<group>"; };
		5A71C1948FBB03BF63966C6C /* Pods-CzyPlayer.debug.xcconfig */ = {isa = PBXFileReference; includeInIndex = 1; lastKnownFileType = text.xcconfig; name = "Pods-CzyPlayer.debug.xcconfig"; path = "Pods/Target Support Files/Pods-CzyPlayer/Pods-CzyPlayer.debug.xcconfig"; sourceTree = "<group>"; };
		828AAADE43B868458C356B74 /* Pods-CzyPlayer.release.xcconfig */ = {isa = PBXFileReference; includeInIndex = 1; lastKnownFileType = text.xcconfig; name = "Pods-CzyPlayer.release.xcconfig"; path = "Pods/Target Support Files/Pods-CzyPlayer/Pods-CzyPlayer.release.xcconfig"; sourceTree = "<group>"; };
		A7523396E084A65882BB9A93 /* libPods-CzyPlayer.a */ = {isa = PBXFileReference; explicitFileType = archive.ar; includeInIndex = 0; path = "libPods-CzyPlayer.a"; sourceTree = BUILT_PRODUCTS_DIR; };
/* End PBXFileReference section */

/* Begin PBXFrameworksBuildPhase section */
		065E64D71F8C5EAB009F9799 /* Frameworks */ = {
			isa = PBXFrameworksBuildPhase;
			buildActionMask = 2147483647;
			files = (
				8A49B617F9734378F559BFC2 /* libPods-CzyPlayer.a in Frameworks */,
			);
			runOnlyForDeploymentPostprocessing = 0;
		};
/* End PBXFrameworksBuildPhase section */

/* Begin PBXGroup section */
		065E64D11F8C5EAB009F9799 = {
			isa = PBXGroup;
			children = (
				065E64DC1F8C5EAB009F9799 /* CzyPlayer */,
				065E64DB1F8C5EAB009F9799 /* Products */,
				624CAA98C54ED61E074FAEBE /* Pods */,
				E674C0331CB9C52FA8A99599 /* Frameworks */,
			);
			sourceTree = "<group>";
		};
		065E64DB1F8C5EAB009F9799 /* Products */ = {
			isa = PBXGroup;
			children = (
				065E64DA1F8C5EAB009F9799 /* CzyPlayer.app */,
			);
			name = Products;
			sourceTree = "<group>";
		};
		065E64DC1F8C5EAB009F9799 /* CzyPlayer */ = {
			isa = PBXGroup;
			children = (
				065E64F71F8C5F67009F9799 /* CzyAppDelegate.h */,
				065E64F81F8C5F67009F9799 /* CzyAppDelegate.m */,
				06A1CDF31F8F51BB00F74AF7 /* RootViewController.h */,
				06A1CDF41F8F51BB00F74AF7 /* RootViewController.m */,
				06A1CDF61F8F51FE00F74AF7 /* NormalViewController.h */,
				06A1CDF71F8F51FE00F74AF7 /* NormalViewController.m */,
				06A1CDF91F8F520800F74AF7 /* TableViewController.h */,
				06A1CDFA1F8F520800F74AF7 /* TableViewController.m */,
				065E64FD1F8C6080009F9799 /* CzyPlayerView.h */,
				065E64FE1F8C6080009F9799 /* CzyPlayerView.m */,
				06CE6F011F8E197B003B13E4 /* ASValueTrackingSlider */,
				065E64E91F8C5EAB009F9799 /* Assets.xcassets */,
				065E64EB1F8C5EAB009F9799 /* LaunchScreen.storyboard */,
				065E64EE1F8C5EAB009F9799 /* Info.plist */,
				065E64DD1F8C5EAB009F9799 /* Supporting Files */,
			);
			path = CzyPlayer;
			sourceTree = "<group>";
		};
		065E64DD1F8C5EAB009F9799 /* Supporting Files */ = {
			isa = PBXGroup;
			children = (
				065E64DE1F8C5EAB009F9799 /* main.m */,
				065E65001F8C6667009F9799 /* PrefixHeader.pch */,
			);
			name = "Supporting Files";
			sourceTree = "<group>";
		};
		06CE6F011F8E197B003B13E4 /* ASValueTrackingSlider */ = {
			isa = PBXGroup;
			children = (
				06CE6F021F8E197B003B13E4 /* ASValuePopUpView.h */,
				06CE6F031F8E197B003B13E4 /* ASValuePopUpView.m */,
				06CE6F041F8E197B003B13E4 /* ASValueTrackingSlider.h */,
				06CE6F051F8E197B003B13E4 /* ASValueTrackingSlider.m */,
			);
			path = ASValueTrackingSlider;
			sourceTree = "<group>";
		};
		624CAA98C54ED61E074FAEBE /* Pods */ = {
			isa = PBXGroup;
			children = (
				5A71C1948FBB03BF63966C6C /* Pods-CzyPlayer.debug.xcconfig */,
				828AAADE43B868458C356B74 /* Pods-CzyPlayer.release.xcconfig */,
			);
			name = Pods;
			sourceTree = "<group>";
		};
		E674C0331CB9C52FA8A99599 /* Frameworks */ = {
			isa = PBXGroup;
			children = (
				A7523396E084A65882BB9A93 /* libPods-CzyPlayer.a */,
			);
			name = Frameworks;
			sourceTree = "<group>";
		};
/* End PBXGroup section */

/* Begin PBXNativeTarget section */
		065E64D91F8C5EAB009F9799 /* CzyPlayer */ = {
			isa = PBXNativeTarget;
			buildConfigurationList = 065E64F11F8C5EAB009F9799 /* Build configuration list for PBXNativeTarget "CzyPlayer" */;
			buildPhases = (
				F0C103256C6D691DDC2F2B00 /* [CP] Check Pods Manifest.lock */,
				065E64D61F8C5EAB009F9799 /* Sources */,
				065E64D71F8C5EAB009F9799 /* Frameworks */,
				065E64D81F8C5EAB009F9799 /* Resources */,
				C201438BF1C7B8441B94A9B8 /* [CP] Embed Pods Frameworks */,
				93F163399EA6FC73CA80594A /* [CP] Copy Pods Resources */,
			);
			buildRules = (
			);
			dependencies = (
			);
			name = CzyPlayer;
			productName = CzyPlayer;
			productReference = 065E64DA1F8C5EAB009F9799 /* CzyPlayer.app */;
			productType = "com.apple.product-type.application";
		};
/* End PBXNativeTarget section */

/* Begin PBXProject section */
		065E64D21F8C5EAB009F9799 /* Project object */ = {
			isa = PBXProject;
			attributes = {
				LastUpgradeCheck = 0810;
				ORGANIZATIONNAME = macOfEthan;
				TargetAttributes = {
					065E64D91F8C5EAB009F9799 = {
						CreatedOnToolsVersion = 8.1;
						DevelopmentTeam = TGQ3T5S6T9;
						ProvisioningStyle = Automatic;
						SystemCapabilities = {
							com.apple.BackgroundModes = {
								enabled = 1;
							};
						};
					};
				};
			};
			buildConfigurationList = 065E64D51F8C5EAB009F9799 /* Build configuration list for PBXProject "CzyPlayer" */;
			compatibilityVersion = "Xcode 3.2";
			developmentRegion = English;
			hasScannedForEncodings = 0;
			knownRegions = (
				en,
				Base,
			);
			mainGroup = 065E64D11F8C5EAB009F9799;
			productRefGroup = 065E64DB1F8C5EAB009F9799 /* Products */;
			projectDirPath = "";
			projectRoot = "";
			targets = (
				065E64D91F8C5EAB009F9799 /* CzyPlayer */,
			);
		};
/* End PBXProject section */

/* Begin PBXResourcesBuildPhase section */
		065E64D81F8C5EAB009F9799 /* Resources */ = {
			isa = PBXResourcesBuildPhase;
			buildActionMask = 2147483647;
			files = (
				065E64ED1F8C5EAB009F9799 /* LaunchScreen.storyboard in Resources */,
				065E64EA1F8C5EAB009F9799 /* Assets.xcassets in Resources */,
			);
			runOnlyForDeploymentPostprocessing = 0;
		};
/* End PBXResourcesBuildPhase section */

/* Begin PBXShellScriptBuildPhase section */
		93F163399EA6FC73CA80594A /* [CP] Copy Pods Resources */ = {
			isa = PBXShellScriptBuildPhase;
			buildActionMask = 2147483647;
			files = (
			);
			inputPaths = (
			);
			name = "[CP] Copy Pods Resources";
			outputPaths = (
			);
			runOnlyForDeploymentPostprocessing = 0;
			shellPath = /bin/sh;
			shellScript = "\"${SRCROOT}/Pods/Target Support Files/Pods-CzyPlayer/Pods-CzyPlayer-resources.sh\"\n";
			showEnvVarsInLog = 0;
		};
		C201438BF1C7B8441B94A9B8 /* [CP] Embed Pods Frameworks */ = {
			isa = PBXShellScriptBuildPhase;
			buildActionMask = 2147483647;
			files = (
			);
			inputPaths = (
			);
			name = "[CP] Embed Pods Frameworks";
			outputPaths = (
			);
			runOnlyForDeploymentPostprocessing = 0;
			shellPath = /bin/sh;
			shellScript = "\"${SRCROOT}/Pods/Target Support Files/Pods-CzyPlayer/Pods-CzyPlayer-frameworks.sh\"\n";
			showEnvVarsInLog = 0;
		};
		F0C103256C6D691DDC2F2B00 /* [CP] Check Pods Manifest.lock */ = {
			isa = PBXShellScriptBuildPhase;
			buildActionMask = 2147483647;
			files = (
			);
			inputPaths = (
			);
			name = "[CP] Check Pods Manifest.lock";
			outputPaths = (
			);
			runOnlyForDeploymentPostprocessing = 0;
			shellPath = /bin/sh;
			shellScript = "diff \"${PODS_ROOT}/../Podfile.lock\" \"${PODS_ROOT}/Manifest.lock\" > /dev/null\nif [ $? != 0 ] ; then\n    # print error to STDERR\n    echo \"error: The sandbox is not in sync with the Podfile.lock. Run \'pod install\' or update your CocoaPods installation.\" >&2\n    exit 1\nfi\n";
			showEnvVarsInLog = 0;
		};
/* End PBXShellScriptBuildPhase section */

/* Begin PBXSourcesBuildPhase section */
		065E64D61F8C5EAB009F9799 /* Sources */ = {
			isa = PBXSourcesBuildPhase;
			buildActionMask = 2147483647;
			files = (
				065E64FF1F8C6080009F9799 /* CzyPlayerView.m in Sources */,
				06A1CDF81F8F51FE00F74AF7 /* NormalViewController.m in Sources */,
				06A1CDF51F8F51BB00F74AF7 /* RootViewController.m in Sources */,
				06CE6F061F8E197B003B13E4 /* ASValuePopUpView.m in Sources */,
				06A1CDFB1F8F520800F74AF7 /* TableViewController.m in Sources */,
				065E64F91F8C5F67009F9799 /* CzyAppDelegate.m in Sources */,
				065E64DF1F8C5EAB009F9799 /* main.m in Sources */,
				06CE6F071F8E197B003B13E4 /* ASValueTrackingSlider.m in Sources */,
			);
			runOnlyForDeploymentPostprocessing = 0;
		};
/* End PBXSourcesBuildPhase section */

/* Begin PBXVariantGroup section */
		065E64EB1F8C5EAB009F9799 /* LaunchScreen.storyboard */ = {
			isa = PBXVariantGroup;
			children = (
				065E64EC1F8C5EAB009F9799 /* Base */,
			);
			name = LaunchScreen.storyboard;
			sourceTree = "<group>";
		};
/* End PBXVariantGroup section */

/* Begin XCBuildConfiguration section */
		065E64EF1F8C5EAB009F9799 /* Debug */ = {
			isa = XCBuildConfiguration;
			buildSettings = {
				ALWAYS_SEARCH_USER_PATHS = NO;
				CLANG_ANALYZER_NONNULL = YES;
				CLANG_CXX_LANGUAGE_STANDARD = "gnu++0x";
				CLANG_CXX_LIBRARY = "libc++";
				CLANG_ENABLE_MODULES = YES;
				CLANG_ENABLE_OBJC_ARC = YES;
				CLANG_WARN_BOOL_CONVERSION = YES;
				CLANG_WARN_CONSTANT_CONVERSION = YES;
				CLANG_WARN_DIRECT_OBJC_ISA_USAGE = YES_ERROR;
				CLANG_WARN_DOCUMENTATION_COMMENTS = YES;
				CLANG_WARN_EMPTY_BODY = YES;
				CLANG_WARN_ENUM_CONVERSION = YES;
				CLANG_WARN_INFINITE_RECURSION = YES;
				CLANG_WARN_INT_CONVERSION = YES;
				CLANG_WARN_OBJC_ROOT_CLASS = YES_ERROR;
				CLANG_WARN_SUSPICIOUS_MOVES = YES;
				CLANG_WARN_UNREACHABLE_CODE = YES;
				CLANG_WARN__DUPLICATE_METHOD_MATCH = YES;
				"CODE_SIGN_IDENTITY[sdk=iphoneos*]" = "iPhone Developer";
				COPY_PHASE_STRIP = NO;
				DEBUG_INFORMATION_FORMAT = dwarf;
				ENABLE_STRICT_OBJC_MSGSEND = YES;
				ENABLE_TESTABILITY = YES;
				GCC_C_LANGUAGE_STANDARD = gnu99;
				GCC_DYNAMIC_NO_PIC = NO;
				GCC_NO_COMMON_BLOCKS = YES;
				GCC_OPTIMIZATION_LEVEL = 0;
				GCC_PREPROCESSOR_DEFINITIONS = (
					"DEBUG=1",
					"$(inherited)",
				);
				GCC_WARN_64_TO_32_BIT_CONVERSION = YES;
				GCC_WARN_ABOUT_RETURN_TYPE = YES_ERROR;
				GCC_WARN_UNDECLARED_SELECTOR = YES;
				GCC_WARN_UNINITIALIZED_AUTOS = YES_AGGRESSIVE;
				GCC_WARN_UNUSED_FUNCTION = YES;
				GCC_WARN_UNUSED_VARIABLE = YES;
				IPHONEOS_DEPLOYMENT_TARGET = 10.1;
				MTL_ENABLE_DEBUG_INFO = YES;
				ONLY_ACTIVE_ARCH = YES;
				SDKROOT = iphoneos;
				TARGETED_DEVICE_FAMILY = "1,2";
			};
			name = Debug;
		};
		065E64F01F8C5EAB009F9799 /* Release */ = {
			isa = XCBuildConfiguration;
			buildSettings = {
				ALWAYS_SEARCH_USER_PATHS = NO;
				CLANG_ANALYZER_NONNULL = YES;
				CLANG_CXX_LANGUAGE_STANDARD = "gnu++0x";
				CLANG_CXX_LIBRARY = "libc++";
				CLANG_ENABLE_MODULES = YES;
				CLANG_ENABLE_OBJC_ARC = YES;
				CLANG_WARN_BOOL_CONVERSION = YES;
				CLANG_WARN_CONSTANT_CONVERSION = YES;
				CLANG_WARN_DIRECT_OBJC_ISA_USAGE = YES_ERROR;
				CLANG_WARN_DOCUMENTATION_COMMENTS = YES;
				CLANG_WARN_EMPTY_BODY = YES;
				CLANG_WARN_ENUM_CONVERSION = YES;
				CLANG_WARN_INFINITE_RECURSION = YES;
				CLANG_WARN_INT_CONVERSION = YES;
				CLANG_WARN_OBJC_ROOT_CLASS = YES_ERROR;
				CLANG_WARN_SUSPICIOUS_MOVES = YES;
				CLANG_WARN_UNREACHABLE_CODE = YES;
				CLANG_WARN__DUPLICATE_METHOD_MATCH = YES;
				"CODE_SIGN_IDENTITY[sdk=iphoneos*]" = "iPhone Developer";
				COPY_PHASE_STRIP = NO;
				DEBUG_INFORMATION_FORMAT = "dwarf-with-dsym";
				ENABLE_NS_ASSERTIONS = NO;
				ENABLE_STRICT_OBJC_MSGSEND = YES;
				GCC_C_LANGUAGE_STANDARD = gnu99;
				GCC_NO_COMMON_BLOCKS = YES;
				GCC_WARN_64_TO_32_BIT_CONVERSION = YES;
				GCC_WARN_ABOUT_RETURN_TYPE = YES_ERROR;
				GCC_WARN_UNDECLARED_SELECTOR = YES;
				GCC_WARN_UNINITIALIZED_AUTOS = YES_AGGRESSIVE;
				GCC_WARN_UNUSED_FUNCTION = YES;
				GCC_WARN_UNUSED_VARIABLE = YES;
				IPHONEOS_DEPLOYMENT_TARGET = 10.1;
				MTL_ENABLE_DEBUG_INFO = NO;
				SDKROOT = iphoneos;
				TARGETED_DEVICE_FAMILY = "1,2";
				VALIDATE_PRODUCT = YES;
			};
			name = Release;
		};
		065E64F21F8C5EAB009F9799 /* Debug */ = {
			isa = XCBuildConfiguration;
			baseConfigurationReference = 5A71C1948FBB03BF63966C6C /* Pods-CzyPlayer.debug.xcconfig */;
			buildSettings = {
				ASSETCATALOG_COMPILER_APPICON_NAME = AppIcon;
				DEVELOPMENT_TEAM = TGQ3T5S6T9;
				GCC_PREFIX_HEADER = "$(SRCROOT)/CzyPlayer/PrefixHeader.pch";
				INFOPLIST_FILE = CzyPlayer/Info.plist;
				IPHONEOS_DEPLOYMENT_TARGET = 8.0;
				LD_RUNPATH_SEARCH_PATHS = "$(inherited) @executable_path/Frameworks";
				PRODUCT_BUNDLE_IDENTIFIER = com.ethan.CzyPlayer;
				PRODUCT_NAME = "$(TARGET_NAME)";
			};
			name = Debug;
		};
		065E64F31F8C5EAB009F9799 /* Release */ = {
			isa = XCBuildConfiguration;
			baseConfigurationReference = 828AAADE43B868458C356B74 /* Pods-CzyPlayer.release.xcconfig */;
			buildSettings = {
				ASSETCATALOG_COMPILER_APPICON_NAME = AppIcon;
				DEVELOPMENT_TEAM = TGQ3T5S6T9;
				GCC_PREFIX_HEADER = "$(SRCROOT)/CzyPlayer/PrefixHeader.pch";
				INFOPLIST_FILE = CzyPlayer/Info.plist;
				IPHONEOS_DEPLOYMENT_TARGET = 8.0;
				LD_RUNPATH_SEARCH_PATHS = "$(inherited) @executable_path/Frameworks";
				PRODUCT_BUNDLE_IDENTIFIER = com.ethan.CzyPlayer;
				PRODUCT_NAME = "$(TARGET_NAME)";
			};
			name = Release;
		};
/* End XCBuildConfiguration section */

/* Begin XCConfigurationList section */
		065E64D51F8C5EAB009F9799 /* Build configuration list for PBXProject "CzyPlayer" */ = {
			isa = XCConfigurationList;
			buildConfigurations = (
				065E64EF1F8C5EAB009F9799 /* Debug */,
				065E64F01F8C5EAB009F9799 /* Release */,
			);
			defaultConfigurationIsVisible = 0;
			defaultConfigurationName = Release;
		};
		065E64F11F8C5EAB009F9799 /* Build configuration list for PBXNativeTarget "CzyPlayer" */ = {
			isa = XCConfigurationList;
			buildConfigurations = (
				065E64F21F8C5EAB009F9799 /* Debug */,
				065E64F31F8C5EAB009F9799 /* Release */,
			);
			defaultConfigurationIsVisible = 0;
			defaultConfigurationName = Release;
		};
/* End XCConfigurationList section */
	};
	rootObject = 065E64D21F8C5EAB009F9799 /* Project object */;
}
