PODS:
  - Masonry (1.0.2)
  - MBProgressHUD (1.0.0)
  - ReactiveObjC (3.0.0)

DEPENDENCIES:
  - Masonry (~> 1.0.2)
  - MBProgressHUD (~> 1.0.0)
  - ReactiveObjC (~> 3.0.0)

SPEC CHECKSUMS:
  Masonry: 7c429b56da9d4ee0bbb3ed77a5ea710d6a5df39e
  MBProgressHUD: 4890f671c94e8a0f3cf959aa731e9de2f036d71a
  ReactiveObjC: ce79989e8684b9086b5f8d0c74bc7b81a8729c9e

PODFILE CHECKSUM: 45a726ed8a0be99d1a9dd5162a36e10be9ddd042

COCOAPODS: 1.1.1
